{
    "version": 3,
    "terraform_version": "0.11.2",
    "serial": 3,
    "lineage": "d1e77504-d84e-49c2-ba56-2c9c597624a2",
    "modules": [
        {
            "path": [
                "root"
            ],
            "outputs": {},
            "resources": {
                "aws_vpc.main": {
                    "type": "aws_vpc",
                    "depends_on": [],
                    "primary": {
                        "id": "vpc-06bda7aa22e9e355f",
                        "attributes": {
                            "arn": "arn:aws:ec2:us-east-1:250929820725:vpc/vpc-06bda7aa22e9e355f",
                            "assign_generated_ipv6_cidr_block": "false",
                            "cidr_block": "192.168.0.0/16",
                            "default_network_acl_id": "acl-009e0823818d354e6",
                            "default_route_table_id": "rtb-03d81142cfa419f66",
                            "default_security_group_id": "sg-02110a0b2094f17e8",
                            "dhcp_options_id": "dopt-176d106c",
                            "enable_classiclink": "false",
                            "enable_classiclink_dns_support": "false",
                            "enable_dns_hostnames": "false",
                            "enable_dns_support": "true",
                            "id": "vpc-06bda7aa22e9e355f",
                            "instance_tenancy": "default",
                            "ipv6_association_id": "",
                            "ipv6_cidr_block": "",
                            "main_route_table_id": "rtb-03d81142cfa419f66",
                            "owner_id": "250929820725",
                            "tags.%": "1",
                            "tags.Name": "main"
                        },
                        "meta": {
                            "schema_version": "1"
                        },
                        "tainted": false
                    },
                    "deposed": [],
                    "provider": "provider.aws"
                }
            },
            "depends_on": []
        }
    ]
}
